
Microsoft Visual Studio Solution File, Format Version 12.00
# Visual Studio 15
VisualStudioVersion = 15.0.28307.168
MinimumVisualStudioVersion = 10.0.40219.1
Project("{9A19103F-16F7-4668-BE54-9A1E7A4F7556}") = "TicTacToe", "TicTacToe\TicTacToe.csproj", "{BFE5455E-8CE8-40FA-BD7D-597A4B9D2019}"
EndProject
Project("{FAE04EC0-301F-11D3-BF4B-00C04F79EFBC}") = "Storage", "Storage\Storage.csproj", "{629AED11-6263-4B2E-A2B3-F42326D7EADE}"
EndProject
Project("{FAE04EC0-301F-11D3-BF4B-00C04F79EFBC}") = "Services", "Services\Services.csproj", "{7262E9C0-AA7B-4588-8CFA-AC668A3B3552}"
EndProject
Global
	GlobalSection(SolutionConfigurationPlatforms) = preSolution
		Debug|Any CPU = Debug|Any CPU
		Release|Any CPU = Release|Any CPU
	EndGlobalSection
	GlobalSection(ProjectConfigurationPlatforms) = postSolution
		{BFE5455E-8CE8-40FA-BD7D-597A4B9D2019}.Debug|Any CPU.ActiveCfg = Debug|Any CPU
		{BFE5455E-8CE8-40FA-BD7D-597A4B9D2019}.Debug|Any CPU.Build.0 = Debug|Any CPU
		{BFE5455E-8CE8-40FA-BD7D-597A4B9D2019}.Release|Any CPU.ActiveCfg = Release|Any CPU
		{BFE5455E-8CE8-40FA-BD7D-597A4B9D2019}.Release|Any CPU.Build.0 = Release|Any CPU
		{629AED11-6263-4B2E-A2B3-F42326D7EADE}.Debug|Any CPU.ActiveCfg = Debug|Any CPU
		{629AED11-6263-4B2E-A2B3-F42326D7EADE}.Debug|Any CPU.Build.0 = Debug|Any CPU
		{629AED11-6263-4B2E-A2B3-F42326D7EADE}.Release|Any CPU.ActiveCfg = Release|Any CPU
		{629AED11-6263-4B2E-A2B3-F42326D7EADE}.Release|Any CPU.Build.0 = Release|Any CPU
		{7262E9C0-AA7B-4588-8CFA-AC668A3B3552}.Debug|Any CPU.ActiveCfg = Debug|Any CPU
		{7262E9C0-AA7B-4588-8CFA-AC668A3B3552}.Debug|Any CPU.Build.0 = Debug|Any CPU
		{7262E9C0-AA7B-4588-8CFA-AC668A3B3552}.Release|Any CPU.ActiveCfg = Release|Any CPU
		{7262E9C0-AA7B-4588-8CFA-AC668A3B3552}.Release|Any CPU.Build.0 = Release|Any CPU
	EndGlobalSection
	GlobalSection(SolutionProperties) = preSolution
		HideSolutionNode = FALSE
	EndGlobalSection
	GlobalSection(ExtensibilityGlobals) = postSolution
		SolutionGuid = {358F949C-DB82-40CA-B769-E8534C7BD4FE}
	EndGlobalSection
EndGlobal
